// !$*UTF8*$!
{
	archiveVersion = 1;
	classes = {
	};
	objectVersion = 50;
	objects = {

/* Begin PBXBuildFile section */
		456ED35126242A8B0097256E /* AppDelegate.swift in Sources */ = {isa = PBXBuildFile; fileRef = 456ED35026242A8B0097256E /* AppDelegate.swift */; };
		456ED35326242A8B0097256E /* SceneDelegate.swift in Sources */ = {isa = PBXBuildFile; fileRef = 456ED35226242A8B0097256E /* SceneDelegate.swift */; };
		456ED35526242A8B0097256E /* ViewController.swift in Sources */ = {isa = PBXBuildFile; fileRef = 456ED35426242A8B0097256E /* ViewController.swift */; };
		456ED35826242A8B0097256E /* Main.storyboard in Resources */ = {isa = PBXBuildFile; fileRef = 456ED35626242A8B0097256E /* Main.storyboard */; };
		456ED35A26242A8E0097256E /* Assets.xcassets in Resources */ = {isa = PBXBuildFile; fileRef = 456ED35926242A8E0097256E /* Assets.xcassets */; };
		456ED35D26242A8E0097256E /* LaunchScreen.storyboard in Resources */ = {isa = PBXBuildFile; fileRef = 456ED35B26242A8E0097256E /* LaunchScreen.storyboard */; };
		456ED36626242AD30097256E /* Coordinator.swift in Sources */ = {isa = PBXBuildFile; fileRef = 456ED36526242AD30097256E /* Coordinator.swift */; };
		456ED36A26242B820097256E /* AppCoordinator.swift in Sources */ = {isa = PBXBuildFile; fileRef = 456ED36926242B820097256E /* AppCoordinator.swift */; };
		456ED36F26242C6C0097256E /* Storyboarded.swift in Sources */ = {isa = PBXBuildFile; fileRef = 456ED36E26242C6C0097256E /* Storyboarded.swift */; };
		45F21D5C262433040050FD23 /* BuyViewController.swift in Sources */ = {isa = PBXBuildFile; fileRef = 45F21D5B262433040050FD23 /* BuyViewController.swift */; };
		45F21D5F2624330E0050FD23 /* CreateAccountViewController.swift in Sources */ = {isa = PBXBuildFile; fileRef = 45F21D5E2624330E0050FD23 /* CreateAccountViewController.swift */; };
/* End PBXBuildFile section */

/* Begin PBXFileReference section */
		456ED34D26242A8B0097256E /* BasicCoordinator.app */ = {isa = PBXFileReference; explicitFileType = wrapper.application; includeInIndex = 0; path = BasicCoordinator.app; sourceTree = BUILT_PRODUCTS_DIR; };
		456ED35026242A8B0097256E /* AppDelegate.swift */ = {isa = PBXFileReference; lastKnownFileType = sourcecode.swift; path = AppDelegate.swift; sourceTree = "<group>"; };
		456ED35226242A8B0097256E /* SceneDelegate.swift */ = {isa = PBXFileReference; lastKnownFileType = sourcecode.swift; path = SceneDelegate.swift; sourceTree = "<group>"; };
		456ED35426242A8B0097256E /* ViewController.swift */ = {isa = PBXFileReference; lastKnownFileType = sourcecode.swift; path = ViewController.swift; sourceTree = "<group>"; };
		456ED35726242A8B0097256E /* Base */ = {isa = PBXFileReference; lastKnownFileType = file.storyboard; name = Base; path = Base.lproj/Main.storyboard; sourceTree = "<group>"; };
		456ED35926242A8E0097256E /* Assets.xcassets */ = {isa = PBXFileReference; lastKnownFileType = folder.assetcatalog; path = Assets.xcassets; sourceTree = "<group>"; };
		456ED35C26242A8E0097256E /* Base */ = {isa = PBXFileReference; lastKnownFileType = file.storyboard; name = Base; path = Base.lproj/LaunchScreen.storyboard; sourceTree = "<group>"; };
		456ED35E26242A8E0097256E /* Info.plist */ = {isa = PBXFileReference; lastKnownFileType = text.plist.xml; path = Info.plist; sourceTree = "<group>"; };
		456ED36526242AD30097256E /* Coordinator.swift */ = {isa = PBXFileReference; lastKnownFileType = sourcecode.swift; path = Coordinator.swift; sourceTree = "<group>"; };
		456ED36926242B820097256E /* AppCoordinator.swift */ = {isa = PBXFileReference; lastKnownFileType = sourcecode.swift; path = AppCoordinator.swift; sourceTree = "<group>"; };
		456ED36E26242C6C0097256E /* Storyboarded.swift */ = {isa = PBXFileReference; lastKnownFileType = sourcecode.swift; path = Storyboarded.swift; sourceTree = "<group>"; };
		45F21D5B262433040050FD23 /* BuyViewController.swift */ = {isa = PBXFileReference; lastKnownFileType = sourcecode.swift; path = BuyViewController.swift; sourceTree = "<group>"; };
		45F21D5E2624330E0050FD23 /* CreateAccountViewController.swift */ = {isa = PBXFileReference; lastKnownFileType = sourcecode.swift; path = CreateAccountViewController.swift; sourceTree = "<group>"; };
/* End PBXFileReference section */

/* Begin PBXFrameworksBuildPhase section */
		456ED34A26242A8B0097256E /* Frameworks */ = {
			isa = PBXFrameworksBuildPhase;
			buildActionMask = 2147483647;
			files = (
			);
			runOnlyForDeploymentPostprocessing = 0;
		};
/* End PBXFrameworksBuildPhase section */

/* Begin PBXGroup section */
		456ED34426242A8B0097256E = {
			isa = PBXGroup;
			children = (
				456ED34F26242A8B0097256E /* BasicCoordinator */,
				456ED34E26242A8B0097256E /* Products */,
			);
			sourceTree = "<group>";
		};
		456ED34E26242A8B0097256E /* Products */ = {
			isa = PBXGroup;
			children = (
				456ED34D26242A8B0097256E /* BasicCoordinator.app */,
			);
			name = Products;
			sourceTree = "<group>";
		};
		456ED34F26242A8B0097256E /* BasicCoordinator */ = {
			isa = PBXGroup;
			children = (
				45F21D63262433230050FD23 /* Protocols */,
				45F21D622624331C0050FD23 /* App */,
				45F21D61262433110050FD23 /* Controllers */,
				456ED35626242A8B0097256E /* Main.storyboard */,
				456ED35926242A8E0097256E /* Assets.xcassets */,
				456ED35B26242A8E0097256E /* LaunchScreen.storyboard */,
				456ED35E26242A8E0097256E /* Info.plist */,
			);
			path = BasicCoordinator;
			sourceTree = "<group>";
		};
		45F21D61262433110050FD23 /* Controllers */ = {
			isa = PBXGroup;
			children = (
				456ED35426242A8B0097256E /* ViewController.swift */,
				45F21D5B262433040050FD23 /* BuyViewController.swift */,
				45F21D5E2624330E0050FD23 /* CreateAccountViewController.swift */,
			);
			path = Controllers;
			sourceTree = "<group>";
		};
		45F21D622624331C0050FD23 /* App */ = {
			isa = PBXGroup;
			children = (
				456ED35026242A8B0097256E /* AppDelegate.swift */,
				456ED35226242A8B0097256E /* SceneDelegate.swift */,
			);
			path = App;
			sourceTree = "<group>";
		};
		45F21D63262433230050FD23 /* Protocols */ = {
			isa = PBXGroup;
			children = (
				456ED36526242AD30097256E /* Coordinator.swift */,
				456ED36926242B820097256E /* AppCoordinator.swift */,
				456ED36E26242C6C0097256E /* Storyboarded.swift */,
			);
			path = Protocols;
			sourceTree = "<group>";
		};
/* End PBXGroup section */

/* Begin PBXNativeTarget section */
		456ED34C26242A8B0097256E /* BasicCoordinator */ = {
			isa = PBXNativeTarget;
			buildConfigurationList = 456ED36126242A8E0097256E /* Build configuration list for PBXNativeTarget "BasicCoordinator" */;
			buildPhases = (
				456ED34926242A8B0097256E /* Sources */,
				456ED34A26242A8B0097256E /* Frameworks */,
				456ED34B26242A8B0097256E /* Resources */,
			);
			buildRules = (
			);
			dependencies = (
			);
			name = BasicCoordinator;
			productName = BasicCoordinator;
			productReference = 456ED34D26242A8B0097256E /* BasicCoordinator.app */;
			productType = "com.apple.product-type.application";
		};
/* End PBXNativeTarget section */

/* Begin PBXProject section */
		456ED34526242A8B0097256E /* Project object */ = {
			isa = PBXProject;
			attributes = {
				LastSwiftUpdateCheck = 1240;
				LastUpgradeCheck = 1240;
				TargetAttributes = {
					456ED34C26242A8B0097256E = {
						CreatedOnToolsVersion = 12.4;
					};
				};
			};
			buildConfigurationList = 456ED34826242A8B0097256E /* Build configuration list for PBXProject "BasicCoordinator" */;
			compatibilityVersion = "Xcode 9.3";
			developmentRegion = en;
			hasScannedForEncodings = 0;
			knownRegions = (
				en,
				Base,
			);
			mainGroup = 456ED34426242A8B0097256E;
			productRefGroup = 456ED34E26242A8B0097256E /* Products */;
			projectDirPath = "";
			projectRoot = "";
			targets = (
				456ED34C26242A8B0097256E /* BasicCoordinator */,
			);
		};
/* End PBXProject section */

/* Begin PBXResourcesBuildPhase section */
		456ED34B26242A8B0097256E /* Resources */ = {
			isa = PBXResourcesBuildPhase;
			buildActionMask = 2147483647;
			files = (
				456ED35D26242A8E0097256E /* LaunchScreen.storyboard in Resources */,
				456ED35A26242A8E0097256E /* Assets.xcassets in Resources */,
				456ED35826242A8B0097256E /* Main.storyboard in Resources */,
			);
			runOnlyForDeploymentPostprocessing = 0;
		};
/* End PBXResourcesBuildPhase section */

/* Begin PBXSourcesBuildPhase section */
		456ED34926242A8B0097256E /* Sources */ = {
			isa = PBXSourcesBuildPhase;
			buildActionMask = 2147483647;
			files = (
				456ED36626242AD30097256E /* Coordinator.swift in Sources */,
				456ED35526242A8B0097256E /* ViewController.swift in Sources */,
				456ED36A26242B820097256E /* AppCoordinator.swift in Sources */,
				456ED35126242A8B0097256E /* AppDelegate.swift in Sources */,
				45F21D5F2624330E0050FD23 /* CreateAccountViewController.swift in Sources */,
				456ED35326242A8B0097256E /* SceneDelegate.swift in Sources */,
				45F21D5C262433040050FD23 /* BuyViewController.swift in Sources */,
				456ED36F26242C6C0097256E /* Storyboarded.swift in Sources */,
			);
			runOnlyForDeploymentPostprocessing = 0;
		};
/* End PBXSourcesBuildPhase section */

/* Begin PBXVariantGroup section */
		456ED35626242A8B0097256E /* Main.storyboard */ = {
			isa = PBXVariantGroup;
			children = (
				456ED35726242A8B0097256E /* Base */,
			);
			name = Main.storyboard;
			sourceTree = "<group>";
		};
		456ED35B26242A8E0097256E /* LaunchScreen.storyboard */ = {
			isa = PBXVariantGroup;
			children = (
				456ED35C26242A8E0097256E /* Base */,
			);
			name = LaunchScreen.storyboard;
			sourceTree = "<group>";
		};
/* End PBXVariantGroup section */

/* Begin XCBuildConfiguration section */
		456ED35F26242A8E0097256E /* Debug */ = {
			isa = XCBuildConfiguration;
			buildSettings = {
				ALWAYS_SEARCH_USER_PATHS = NO;
				CLANG_ANALYZER_NONNULL = YES;
				CLANG_ANALYZER_NUMBER_OBJECT_CONVERSION = YES_AGGRESSIVE;
				CLANG_CXX_LANGUAGE_STANDARD = "gnu++14";
				CLANG_CXX_LIBRARY = "libc++";
				CLANG_ENABLE_MODULES = YES;
				CLANG_ENABLE_OBJC_ARC = YES;
				CLANG_ENABLE_OBJC_WEAK = YES;
				CLANG_WARN_BLOCK_CAPTURE_AUTORELEASING = YES;
				CLANG_WARN_BOOL_CONVERSION = YES;
				CLANG_WARN_COMMA = YES;
				CLANG_WARN_CONSTANT_CONVERSION = YES;
				CLANG_WARN_DEPRECATED_OBJC_IMPLEMENTATIONS = YES;
				CLANG_WARN_DIRECT_OBJC_ISA_USAGE = YES_ERROR;
				CLANG_WARN_DOCUMENTATION_COMMENTS = YES;
				CLANG_WARN_EMPTY_BODY = YES;
				CLANG_WARN_ENUM_CONVERSION = YES;
				CLANG_WARN_INFINITE_RECURSION = YES;
				CLANG_WARN_INT_CONVERSION = YES;
				CLANG_WARN_NON_LITERAL_NULL_CONVERSION = YES;
				CLANG_WARN_OBJC_IMPLICIT_RETAIN_SELF = YES;
				CLANG_WARN_OBJC_LITERAL_CONVERSION = YES;
				CLANG_WARN_OBJC_ROOT_CLASS = YES_ERROR;
				CLANG_WARN_QUOTED_INCLUDE_IN_FRAMEWORK_HEADER = YES;
				CLANG_WARN_RANGE_LOOP_ANALYSIS = YES;
				CLANG_WARN_STRICT_PROTOTYPES = YES;
				CLANG_WARN_SUSPICIOUS_MOVE = YES;
				CLANG_WARN_UNGUARDED_AVAILABILITY = YES_AGGRESSIVE;
				CLANG_WARN_UNREACHABLE_CODE = YES;
				CLANG_WARN__DUPLICATE_METHOD_MATCH = YES;
				COPY_PHASE_STRIP = NO;
				DEBUG_INFORMATION_FORMAT = dwarf;
				ENABLE_STRICT_OBJC_MSGSEND = YES;
				ENABLE_TESTABILITY = YES;
				GCC_C_LANGUAGE_STANDARD = gnu11;
				GCC_DYNAMIC_NO_PIC = NO;
				GCC_NO_COMMON_BLOCKS = YES;
				GCC_OPTIMIZATION_LEVEL = 0;
				GCC_PREPROCESSOR_DEFINITIONS = (
					"DEBUG=1",
					"$(inherited)",
				);
				GCC_WARN_64_TO_32_BIT_CONVERSION = YES;
				GCC_WARN_ABOUT_RETURN_TYPE = YES_ERROR;
				GCC_WARN_UNDECLARED_SELECTOR = YES;
				GCC_WARN_UNINITIALIZED_AUTOS = YES_AGGRESSIVE;
				GCC_WARN_UNUSED_FUNCTION = YES;
				GCC_WARN_UNUSED_VARIABLE = YES;
				IPHONEOS_DEPLOYMENT_TARGET = 14.4;
				MTL_ENABLE_DEBUG_INFO = INCLUDE_SOURCE;
				MTL_FAST_MATH = YES;
				ONLY_ACTIVE_ARCH = YES;
				SDKROOT = iphoneos;
				SWIFT_ACTIVE_COMPILATION_CONDITIONS = DEBUG;
				SWIFT_OPTIMIZATION_LEVEL = "-Onone";
			};
			name = Debug;
		};
		456ED36026242A8E0097256E /* Release */ = {
			isa = XCBuildConfiguration;
			buildSettings = {
				ALWAYS_SEARCH_USER_PATHS = NO;
				CLANG_ANALYZER_NONNULL = YES;
				CLANG_ANALYZER_NUMBER_OBJECT_CONVERSION = YES_AGGRESSIVE;
				CLANG_CXX_LANGUAGE_STANDARD = "gnu++14";
				CLANG_CXX_LIBRARY = "libc++";
				CLANG_ENABLE_MODULES = YES;
				CLANG_ENABLE_OBJC_ARC = YES;
				CLANG_ENABLE_OBJC_WEAK = YES;
				CLANG_WARN_BLOCK_CAPTURE_AUTORELEASING = YES;
				CLANG_WARN_BOOL_CONVERSION = YES;
				CLANG_WARN_COMMA = YES;
				CLANG_WARN_CONSTANT_CONVERSION = YES;
				CLANG_WARN_DEPRECATED_OBJC_IMPLEMENTATIONS = YES;
				CLANG_WARN_DIRECT_OBJC_ISA_USAGE = YES_ERROR;
				CLANG_WARN_DOCUMENTATION_COMMENTS = YES;
				CLANG_WARN_EMPTY_BODY = YES;
				CLANG_WARN_ENUM_CONVERSION = YES;
				CLANG_WARN_INFINITE_RECURSION = YES;
				CLANG_WARN_INT_CONVERSION = YES;
				CLANG_WARN_NON_LITERAL_NULL_CONVERSION = YES;
				CLANG_WARN_OBJC_IMPLICIT_RETAIN_SELF = YES;
				CLANG_WARN_OBJC_LITERAL_CONVERSION = YES;
				CLANG_WARN_OBJC_ROOT_CLASS = YES_ERROR;
				CLANG_WARN_QUOTED_INCLUDE_IN_FRAMEWORK_HEADER = YES;
				CLANG_WARN_RANGE_LOOP_ANALYSIS = YES;
				CLANG_WARN_STRICT_PROTOTYPES = YES;
				CLANG_WARN_SUSPICIOUS_MOVE = YES;
				CLANG_WARN_UNGUARDED_AVAILABILITY = YES_AGGRESSIVE;
				CLANG_WARN_UNREACHABLE_CODE = YES;
				CLANG_WARN__DUPLICATE_METHOD_MATCH = YES;
				COPY_PHASE_STRIP = NO;
				DEBUG_INFORMATION_FORMAT = "dwarf-with-dsym";
				ENABLE_NS_ASSERTIONS = NO;
				ENABLE_STRICT_OBJC_MSGSEND = YES;
				GCC_C_LANGUAGE_STANDARD = gnu11;
				GCC_NO_COMMON_BLOCKS = YES;
				GCC_WARN_64_TO_32_BIT_CONVERSION = YES;
				GCC_WARN_ABOUT_RETURN_TYPE = YES_ERROR;
				GCC_WARN_UNDECLARED_SELECTOR = YES;
				GCC_WARN_UNINITIALIZED_AUTOS = YES_AGGRESSIVE;
				GCC_WARN_UNUSED_FUNCTION = YES;
				GCC_WARN_UNUSED_VARIABLE = YES;
				IPHONEOS_DEPLOYMENT_TARGET = 14.4;
				MTL_ENABLE_DEBUG_INFO = NO;
				MTL_FAST_MATH = YES;
				SDKROOT = iphoneos;
				SWIFT_COMPILATION_MODE = wholemodule;
				SWIFT_OPTIMIZATION_LEVEL = "-O";
				VALIDATE_PRODUCT = YES;
			};
			name = Release;
		};
		456ED36226242A8E0097256E /* Debug */ = {
			isa = XCBuildConfiguration;
			buildSettings = {
				ASSETCATALOG_COMPILER_APPICON_NAME = AppIcon;
				ASSETCATALOG_COMPILER_GLOBAL_ACCENT_COLOR_NAME = AccentColor;
				CODE_SIGN_STYLE = Automatic;
				DEVELOPMENT_TEAM = RE4YFXSB23;
				INFOPLIST_FILE = BasicCoordinator/Info.plist;
				LD_RUNPATH_SEARCH_PATHS = (
					"$(inherited)",
					"@executable_path/Frameworks",
				);
				PRODUCT_BUNDLE_IDENTIFIER = com.glennposadas.sampleapps.BasicCoordinator;
				PRODUCT_NAME = "$(TARGET_NAME)";
				SWIFT_VERSION = 5.0;
				TARGETED_DEVICE_FAMILY = "1,2";
			};
			name = Debug;
		};
		456ED36326242A8E0097256E /* Release */ = {
			isa = XCBuildConfiguration;
			buildSettings = {
				ASSETCATALOG_COMPILER_APPICON_NAME = AppIcon;
				ASSETCATALOG_COMPILER_GLOBAL_ACCENT_COLOR_NAME = AccentColor;
				CODE_SIGN_STYLE = Automatic;
				DEVELOPMENT_TEAM = RE4YFXSB23;
				INFOPLIST_FILE = BasicCoordinator/Info.plist;
				LD_RUNPATH_SEARCH_PATHS = (
					"$(inherited)",
					"@executable_path/Frameworks",
				);
				PRODUCT_BUNDLE_IDENTIFIER = com.glennposadas.sampleapps.BasicCoordinator;
				PRODUCT_NAME = "$(TARGET_NAME)";
				SWIFT_VERSION = 5.0;
				TARGETED_DEVICE_FAMILY = "1,2";
			};
			name = Release;
		};
/* End XCBuildConfiguration section */

/* Begin XCConfigurationList section */
		456ED34826242A8B0097256E /* Build configuration list for PBXProject "BasicCoordinator" */ = {
			isa = XCConfigurationList;
			buildConfigurations = (
				456ED35F26242A8E0097256E /* Debug */,
				456ED36026242A8E0097256E /* Release */,
			);
			defaultConfigurationIsVisible = 0;
			defaultConfigurationName = Release;
		};
		456ED36126242A8E0097256E /* Build configuration list for PBXNativeTarget "BasicCoordinator" */ = {
			isa = XCConfigurationList;
			buildConfigurations = (
				456ED36226242A8E0097256E /* Debug */,
				456ED36326242A8E0097256E /* Release */,
			);
			defaultConfigurationIsVisible = 0;
			defaultConfigurationName = Release;
		};
/* End XCConfigurationList section */
	};
	rootObject = 456ED34526242A8B0097256E /* Project object */;
}
